// !$*UTF8*$!
{
	archiveVersion = 1;
	classes = {
	};
	objectVersion = 48;
	objects = {

/* Begin PBXBuildFile section */
		A5A55DEA1FB1794F00BE43AD /* AppDelegate.swift in Sources */ = {isa = PBXBuildFile; fileRef = A5A55DE91FB1794F00BE43AD /* AppDelegate.swift */; };
		A5A55DEC1FB1794F00BE43AD /* ViewController.swift in Sources */ = {isa = PBXBuildFile; fileRef = A5A55DEB1FB1794F00BE43AD /* ViewController.swift */; };
		A5A55DEF1FB1794F00BE43AD /* Main.storyboard in Resources */ = {isa = PBXBuildFile; fileRef = A5A55DED1FB1794F00BE43AD /* Main.storyboard */; };
		A5A55DF11FB1794F00BE43AD /* Assets.xcassets in Resources */ = {isa = PBXBuildFile; fileRef = A5A55DF01FB1794F00BE43AD /* Assets.xcassets */; };
		A5A55DF41FB1794F00BE43AD /* LaunchScreen.storyboard in Resources */ = {isa = PBXBuildFile; fileRef = A5A55DF21FB1794F00BE43AD /* LaunchScreen.storyboard */; };
		A5A55DFF1FB1794F00BE43AD /* SwippableCollectionViewSampleTests.swift in Sources */ = {isa = PBXBuildFile; fileRef = A5A55DFE1FB1794F00BE43AD /* SwippableCollectionViewSampleTests.swift */; };
		A5A55E0A1FB1794F00BE43AD /* SwippableCollectionViewSampleUITests.swift in Sources */ = {isa = PBXBuildFile; fileRef = A5A55E091FB1794F00BE43AD /* SwippableCollectionViewSampleUITests.swift */; };
		A5C7153C1FC954A900EB9894 /* Tab1ViewController.swift in Sources */ = {isa = PBXBuildFile; fileRef = A5C7153B1FC954A900EB9894 /* Tab1ViewController.swift */; };
		A5C7153E1FC954BE00EB9894 /* Tab2ViewController.swift in Sources */ = {isa = PBXBuildFile; fileRef = A5C7153D1FC954BE00EB9894 /* Tab2ViewController.swift */; };
		A5C715401FC954CD00EB9894 /* Tab3ViewController.swift in Sources */ = {isa = PBXBuildFile; fileRef = A5C7153F1FC954CD00EB9894 /* Tab3ViewController.swift */; };
/* End PBXBuildFile section */

/* Begin PBXContainerItemProxy section */
		A5A55DFB1FB1794F00BE43AD /* PBXContainerItemProxy */ = {
			isa = PBXContainerItemProxy;
			containerPortal = A5A55DDE1FB1794E00BE43AD /* Project object */;
			proxyType = 1;
			remoteGlobalIDString = A5A55DE51FB1794F00BE43AD;
			remoteInfo = SwippableCollectionViewSample;
		};
		A5A55E061FB1794F00BE43AD /* PBXContainerItemProxy */ = {
			isa = PBXContainerItemProxy;
			containerPortal = A5A55DDE1FB1794E00BE43AD /* Project object */;
			proxyType = 1;
			remoteGlobalIDString = A5A55DE51FB1794F00BE43AD;
			remoteInfo = SwippableCollectionViewSample;
		};
/* End PBXContainerItemProxy section */

/* Begin PBXFileReference section */
		A5A55DE61FB1794F00BE43AD /* SwippableCollectionViewSample.app */ = {isa = PBXFileReference; explicitFileType = wrapper.application; includeInIndex = 0; path = SwippableCollectionViewSample.app; sourceTree = BUILT_PRODUCTS_DIR; };
		A5A55DE91FB1794F00BE43AD /* AppDelegate.swift */ = {isa = PBXFileReference; lastKnownFileType = sourcecode.swift; path = AppDelegate.swift; sourceTree = "<group>"; };
		A5A55DEB1FB1794F00BE43AD /* ViewController.swift */ = {isa = PBXFileReference; lastKnownFileType = sourcecode.swift; path = ViewController.swift; sourceTree = "<group>"; };
		A5A55DEE1FB1794F00BE43AD /* Base */ = {isa = PBXFileReference; lastKnownFileType = file.storyboard; name = Base; path = Base.lproj/Main.storyboard; sourceTree = "<group>"; };
		A5A55DF01FB1794F00BE43AD /* Assets.xcassets */ = {isa = PBXFileReference; lastKnownFileType = folder.assetcatalog; path = Assets.xcassets; sourceTree = "<group>"; };
		A5A55DF31FB1794F00BE43AD /* Base */ = {isa = PBXFileReference; lastKnownFileType = file.storyboard; name = Base; path = Base.lproj/LaunchScreen.storyboard; sourceTree = "<group>"; };
		A5A55DF51FB1794F00BE43AD /* Info.plist */ = {isa = PBXFileReference; lastKnownFileType = text.plist.xml; path = Info.plist; sourceTree = "<group>"; };
		A5A55DFA1FB1794F00BE43AD /* SwippableCollectionViewSampleTests.xctest */ = {isa = PBXFileReference; explicitFileType = wrapper.cfbundle; includeInIndex = 0; path = SwippableCollectionViewSampleTests.xctest; sourceTree = BUILT_PRODUCTS_DIR; };
		A5A55DFE1FB1794F00BE43AD /* SwippableCollectionViewSampleTests.swift */ = {isa = PBXFileReference; lastKnownFileType = sourcecode.swift; path = SwippableCollectionViewSampleTests.swift; sourceTree = "<group>"; };
		A5A55E001FB1794F00BE43AD /* Info.plist */ = {isa = PBXFileReference; lastKnownFileType = text.plist.xml; path = Info.plist; sourceTree = "<group>"; };
		A5A55E051FB1794F00BE43AD /* SwippableCollectionViewSampleUITests.xctest */ = {isa = PBXFileReference; explicitFileType = wrapper.cfbundle; includeInIndex = 0; path = SwippableCollectionViewSampleUITests.xctest; sourceTree = BUILT_PRODUCTS_DIR; };
		A5A55E091FB1794F00BE43AD /* SwippableCollectionViewSampleUITests.swift */ = {isa = PBXFileReference; lastKnownFileType = sourcecode.swift; path = SwippableCollectionViewSampleUITests.swift; sourceTree = "<group>"; };
		A5A55E0B1FB1794F00BE43AD /* Info.plist */ = {isa = PBXFileReference; lastKnownFileType = text.plist.xml; path = Info.plist; sourceTree = "<group>"; };
		A5C7153B1FC954A900EB9894 /* Tab1ViewController.swift */ = {isa = PBXFileReference; lastKnownFileType = sourcecode.swift; path = Tab1ViewController.swift; sourceTree = "<group>"; };
		A5C7153D1FC954BE00EB9894 /* Tab2ViewController.swift */ = {isa = PBXFileReference; lastKnownFileType = sourcecode.swift; path = Tab2ViewController.swift; sourceTree = "<group>"; };
		A5C7153F1FC954CD00EB9894 /* Tab3ViewController.swift */ = {isa = PBXFileReference; lastKnownFileType = sourcecode.swift; path = Tab3ViewController.swift; sourceTree = "<group>"; };
/* End PBXFileReference section */

/* Begin PBXFrameworksBuildPhase section */
		A5A55DE31FB1794F00BE43AD /* Frameworks */ = {
			isa = PBXFrameworksBuildPhase;
			buildActionMask = 2147483647;
			files = (
			);
			runOnlyForDeploymentPostprocessing = 0;
		};
		A5A55DF71FB1794F00BE43AD /* Frameworks */ = {
			isa = PBXFrameworksBuildPhase;
			buildActionMask = 2147483647;
			files = (
			);
			runOnlyForDeploymentPostprocessing = 0;
		};
		A5A55E021FB1794F00BE43AD /* Frameworks */ = {
			isa = PBXFrameworksBuildPhase;
			buildActionMask = 2147483647;
			files = (
			);
			runOnlyForDeploymentPostprocessing = 0;
		};
/* End PBXFrameworksBuildPhase section */

/* Begin PBXGroup section */
		A5A55DDD1FB1794E00BE43AD = {
			isa = PBXGroup;
			children = (
				A5A55DE81FB1794F00BE43AD /* SwippableCollectionViewSample */,
				A5A55DFD1FB1794F00BE43AD /* SwippableCollectionViewSampleTests */,
				A5A55E081FB1794F00BE43AD /* SwippableCollectionViewSampleUITests */,
				A5A55DE71FB1794F00BE43AD /* Products */,
			);
			sourceTree = "<group>";
		};
		A5A55DE71FB1794F00BE43AD /* Products */ = {
			isa = PBXGroup;
			children = (
				A5A55DE61FB1794F00BE43AD /* SwippableCollectionViewSample.app */,
				A5A55DFA1FB1794F00BE43AD /* SwippableCollectionViewSampleTests.xctest */,
				A5A55E051FB1794F00BE43AD /* SwippableCollectionViewSampleUITests.xctest */,
			);
			name = Products;
			sourceTree = "<group>";
		};
		A5A55DE81FB1794F00BE43AD /* SwippableCollectionViewSample */ = {
			isa = PBXGroup;
			children = (
				A5C7153A1FC9549400EB9894 /* Tabs */,
				A5A55DE91FB1794F00BE43AD /* AppDelegate.swift */,
				A5A55DEB1FB1794F00BE43AD /* ViewController.swift */,
				A5A55DED1FB1794F00BE43AD /* Main.storyboard */,
				A5A55DF01FB1794F00BE43AD /* Assets.xcassets */,
				A5A55DF21FB1794F00BE43AD /* LaunchScreen.storyboard */,
				A5A55DF51FB1794F00BE43AD /* Info.plist */,
			);
			path = SwippableCollectionViewSample;
			sourceTree = "<group>";
		};
		A5A55DFD1FB1794F00BE43AD /* SwippableCollectionViewSampleTests */ = {
			isa = PBXGroup;
			children = (
				A5A55DFE1FB1794F00BE43AD /* SwippableCollectionViewSampleTests.swift */,
				A5A55E001FB1794F00BE43AD /* Info.plist */,
			);
			path = SwippableCollectionViewSampleTests;
			sourceTree = "<group>";
		};
		A5A55E081FB1794F00BE43AD /* SwippableCollectionViewSampleUITests */ = {
			isa = PBXGroup;
			children = (
				A5A55E091FB1794F00BE43AD /* SwippableCollectionViewSampleUITests.swift */,
				A5A55E0B1FB1794F00BE43AD /* Info.plist */,
			);
			path = SwippableCollectionViewSampleUITests;
			sourceTree = "<group>";
		};
		A5C7153A1FC9549400EB9894 /* Tabs */ = {
			isa = PBXGroup;
			children = (
				A5C7153B1FC954A900EB9894 /* Tab1ViewController.swift */,
				A5C7153D1FC954BE00EB9894 /* Tab2ViewController.swift */,
				A5C7153F1FC954CD00EB9894 /* Tab3ViewController.swift */,
			);
			path = Tabs;
			sourceTree = "<group>";
		};
/* End PBXGroup section */

/* Begin PBXNativeTarget section */
		A5A55DE51FB1794F00BE43AD /* SwippableCollectionViewSample */ = {
			isa = PBXNativeTarget;
			buildConfigurationList = A5A55E0E1FB1794F00BE43AD /* Build configuration list for PBXNativeTarget "SwippableCollectionViewSample" */;
			buildPhases = (
				A5A55DE21FB1794F00BE43AD /* Sources */,
				A5A55DE31FB1794F00BE43AD /* Frameworks */,
				A5A55DE41FB1794F00BE43AD /* Resources */,
			);
			buildRules = (
			);
			dependencies = (
			);
			name = SwippableCollectionViewSample;
			productName = SwippableCollectionViewSample;
			productReference = A5A55DE61FB1794F00BE43AD /* SwippableCollectionViewSample.app */;
			productType = "com.apple.product-type.application";
		};
		A5A55DF91FB1794F00BE43AD /* SwippableCollectionViewSampleTests */ = {
			isa = PBXNativeTarget;
			buildConfigurationList = A5A55E111FB1794F00BE43AD /* Build configuration list for PBXNativeTarget "SwippableCollectionViewSampleTests" */;
			buildPhases = (
				A5A55DF61FB1794F00BE43AD /* Sources */,
				A5A55DF71FB1794F00BE43AD /* Frameworks */,
				A5A55DF81FB1794F00BE43AD /* Resources */,
			);
			buildRules = (
			);
			dependencies = (
				A5A55DFC1FB1794F00BE43AD /* PBXTargetDependency */,
			);
			name = SwippableCollectionViewSampleTests;
			productName = SwippableCollectionViewSampleTests;
			productReference = A5A55DFA1FB1794F00BE43AD /* SwippableCollectionViewSampleTests.xctest */;
			productType = "com.apple.product-type.bundle.unit-test";
		};
		A5A55E041FB1794F00BE43AD /* SwippableCollectionViewSampleUITests */ = {
			isa = PBXNativeTarget;
			buildConfigurationList = A5A55E141FB1794F00BE43AD /* Build configuration list for PBXNativeTarget "SwippableCollectionViewSampleUITests" */;
			buildPhases = (
				A5A55E011FB1794F00BE43AD /* Sources */,
				A5A55E021FB1794F00BE43AD /* Frameworks */,
				A5A55E031FB1794F00BE43AD /* Resources */,
			);
			buildRules = (
			);
			dependencies = (
				A5A55E071FB1794F00BE43AD /* PBXTargetDependency */,
			);
			name = SwippableCollectionViewSampleUITests;
			productName = SwippableCollectionViewSampleUITests;
			productReference = A5A55E051FB1794F00BE43AD /* SwippableCollectionViewSampleUITests.xctest */;
			productType = "com.apple.product-type.bundle.ui-testing";
		};
/* End PBXNativeTarget section */

/* Begin PBXProject section */
		A5A55DDE1FB1794E00BE43AD /* Project object */ = {
			isa = PBXProject;
			attributes = {
				LastSwiftUpdateCheck = 0900;
				LastUpgradeCheck = 0900;
				ORGANIZATIONNAME = "Sonu Malik";
				TargetAttributes = {
					A5A55DE51FB1794F00BE43AD = {
						CreatedOnToolsVersion = 9.0.1;
						ProvisioningStyle = Automatic;
					};
					A5A55DF91FB1794F00BE43AD = {
						CreatedOnToolsVersion = 9.0.1;
						ProvisioningStyle = Automatic;
						TestTargetID = A5A55DE51FB1794F00BE43AD;
					};
					A5A55E041FB1794F00BE43AD = {
						CreatedOnToolsVersion = 9.0.1;
						ProvisioningStyle = Automatic;
						TestTargetID = A5A55DE51FB1794F00BE43AD;
					};
				};
			};
			buildConfigurationList = A5A55DE11FB1794E00BE43AD /* Build configuration list for PBXProject "SwippableCollectionViewSample" */;
			compatibilityVersion = "Xcode 8.0";
			developmentRegion = en;
			hasScannedForEncodings = 0;
			knownRegions = (
				en,
				Base,
			);
			mainGroup = A5A55DDD1FB1794E00BE43AD;
			productRefGroup = A5A55DE71FB1794F00BE43AD /* Products */;
			projectDirPath = "";
			projectRoot = "";
			targets = (
				A5A55DE51FB1794F00BE43AD /* SwippableCollectionViewSample */,
				A5A55DF91FB1794F00BE43AD /* SwippableCollectionViewSampleTests */,
				A5A55E041FB1794F00BE43AD /* SwippableCollectionViewSampleUITests */,
			);
		};
/* End PBXProject section */

/* Begin PBXResourcesBuildPhase section */
		A5A55DE41FB1794F00BE43AD /* Resources */ = {
			isa = PBXResourcesBuildPhase;
			buildActionMask = 2147483647;
			files = (
				A5A55DF41FB1794F00BE43AD /* LaunchScreen.storyboard in Resources */,
				A5A55DF11FB1794F00BE43AD /* Assets.xcassets in Resources */,
				A5A55DEF1FB1794F00BE43AD /* Main.storyboard in Resources */,
			);
			runOnlyForDeploymentPostprocessing = 0;
		};
		A5A55DF81FB1794F00BE43AD /* Resources */ = {
			isa = PBXResourcesBuildPhase;
			buildActionMask = 2147483647;
			files = (
			);
			runOnlyForDeploymentPostprocessing = 0;
		};
		A5A55E031FB1794F00BE43AD /* Resources */ = {
			isa = PBXResourcesBuildPhase;
			buildActionMask = 2147483647;
			files = (
			);
			runOnlyForDeploymentPostprocessing = 0;
		};
/* End PBXResourcesBuildPhase section */

/* Begin PBXSourcesBuildPhase section */
		A5A55DE21FB1794F00BE43AD /* Sources */ = {
			isa = PBXSourcesBuildPhase;
			buildActionMask = 2147483647;
			files = (
				A5C7153C1FC954A900EB9894 /* Tab1ViewController.swift in Sources */,
				A5A55DEC1FB1794F00BE43AD /* ViewController.swift in Sources */,
				A5C715401FC954CD00EB9894 /* Tab3ViewController.swift in Sources */,
				A5A55DEA1FB1794F00BE43AD /* AppDelegate.swift in Sources */,
				A5C7153E1FC954BE00EB9894 /* Tab2ViewController.swift in Sources */,
			);
			runOnlyForDeploymentPostprocessing = 0;
		};
		A5A55DF61FB1794F00BE43AD /* Sources */ = {
			isa = PBXSourcesBuildPhase;
			buildActionMask = 2147483647;
			files = (
				A5A55DFF1FB1794F00BE43AD /* SwippableCollectionViewSampleTests.swift in Sources */,
			);
			runOnlyForDeploymentPostprocessing = 0;
		};
		A5A55E011FB1794F00BE43AD /* Sources */ = {
			isa = PBXSourcesBuildPhase;
			buildActionMask = 2147483647;
			files = (
				A5A55E0A1FB1794F00BE43AD /* SwippableCollectionViewSampleUITests.swift in Sources */,
			);
			runOnlyForDeploymentPostprocessing = 0;
		};
/* End PBXSourcesBuildPhase section */

/* Begin PBXTargetDependency section */
		A5A55DFC1FB1794F00BE43AD /* PBXTargetDependency */ = {
			isa = PBXTargetDependency;
			target = A5A55DE51FB1794F00BE43AD /* SwippableCollectionViewSample */;
			targetProxy = A5A55DFB1FB1794F00BE43AD /* PBXContainerItemProxy */;
		};
		A5A55E071FB1794F00BE43AD /* PBXTargetDependency */ = {
			isa = PBXTargetDependency;
			target = A5A55DE51FB1794F00BE43AD /* SwippableCollectionViewSample */;
			targetProxy = A5A55E061FB1794F00BE43AD /* PBXContainerItemProxy */;
		};
/* End PBXTargetDependency section */

/* Begin PBXVariantGroup section */
		A5A55DED1FB1794F00BE43AD /* Main.storyboard */ = {
			isa = PBXVariantGroup;
			children = (
				A5A55DEE1FB1794F00BE43AD /* Base */,
			);
			name = Main.storyboard;
			sourceTree = "<group>";
		};
		A5A55DF21FB1794F00BE43AD /* LaunchScreen.storyboard */ = {
			isa = PBXVariantGroup;
			children = (
				A5A55DF31FB1794F00BE43AD /* Base */,
			);
			name = LaunchScreen.storyboard;
			sourceTree = "<group>";
		};
/* End PBXVariantGroup section */

/* Begin XCBuildConfiguration section */
		A5A55E0C1FB1794F00BE43AD /* Debug */ = {
			isa = XCBuildConfiguration;
			buildSettings = {
				ALWAYS_SEARCH_USER_PATHS = NO;
				CLANG_ANALYZER_NONNULL = YES;
				CLANG_ANALYZER_NUMBER_OBJECT_CONVERSION = YES_AGGRESSIVE;
				CLANG_CXX_LANGUAGE_STANDARD = "gnu++14";
				CLANG_CXX_LIBRARY = "libc++";
				CLANG_ENABLE_MODULES = YES;
				CLANG_ENABLE_OBJC_ARC = YES;
				CLANG_WARN_BLOCK_CAPTURE_AUTORELEASING = YES;
				CLANG_WARN_BOOL_CONVERSION = YES;
				CLANG_WARN_COMMA = YES;
				CLANG_WARN_CONSTANT_CONVERSION = YES;
				CLANG_WARN_DIRECT_OBJC_ISA_USAGE = YES_ERROR;
				CLANG_WARN_DOCUMENTATION_COMMENTS = YES;
				CLANG_WARN_EMPTY_BODY = YES;
				CLANG_WARN_ENUM_CONVERSION = YES;
				CLANG_WARN_INFINITE_RECURSION = YES;
				CLANG_WARN_INT_CONVERSION = YES;
				CLANG_WARN_NON_LITERAL_NULL_CONVERSION = YES;
				CLANG_WARN_OBJC_LITERAL_CONVERSION = YES;
				CLANG_WARN_OBJC_ROOT_CLASS = YES_ERROR;
				CLANG_WARN_RANGE_LOOP_ANALYSIS = YES;
				CLANG_WARN_STRICT_PROTOTYPES = YES;
				CLANG_WARN_SUSPICIOUS_MOVE = YES;
				CLANG_WARN_UNGUARDED_AVAILABILITY = YES_AGGRESSIVE;
				CLANG_WARN_UNREACHABLE_CODE = YES;
				CLANG_WARN__DUPLICATE_METHOD_MATCH = YES;
				CODE_SIGN_IDENTITY = "iPhone Developer";
				COPY_PHASE_STRIP = NO;
				DEBUG_INFORMATION_FORMAT = dwarf;
				ENABLE_STRICT_OBJC_MSGSEND = YES;
				ENABLE_TESTABILITY = YES;
				GCC_C_LANGUAGE_STANDARD = gnu11;
				GCC_DYNAMIC_NO_PIC = NO;
				GCC_NO_COMMON_BLOCKS = YES;
				GCC_OPTIMIZATION_LEVEL = 0;
				GCC_PREPROCESSOR_DEFINITIONS = (
					"DEBUG=1",
					"$(inherited)",
				);
				GCC_WARN_64_TO_32_BIT_CONVERSION = YES;
				GCC_WARN_ABOUT_RETURN_TYPE = YES_ERROR;
				GCC_WARN_UNDECLARED_SELECTOR = YES;
				GCC_WARN_UNINITIALIZED_AUTOS = YES_AGGRESSIVE;
				GCC_WARN_UNUSED_FUNCTION = YES;
				GCC_WARN_UNUSED_VARIABLE = YES;
				IPHONEOS_DEPLOYMENT_TARGET = 11.0;
				MTL_ENABLE_DEBUG_INFO = YES;
				ONLY_ACTIVE_ARCH = YES;
				SDKROOT = iphoneos;
				SWIFT_ACTIVE_COMPILATION_CONDITIONS = DEBUG;
				SWIFT_OPTIMIZATION_LEVEL = "-Onone";
			};
			name = Debug;
		};
		A5A55E0D1FB1794F00BE43AD /* Release */ = {
			isa = XCBuildConfiguration;
			buildSettings = {
				ALWAYS_SEARCH_USER_PATHS = NO;
				CLANG_ANALYZER_NONNULL = YES;
				CLANG_ANALYZER_NUMBER_OBJECT_CONVERSION = YES_AGGRESSIVE;
				CLANG_CXX_LANGUAGE_STANDARD = "gnu++14";
				CLANG_CXX_LIBRARY = "libc++";
				CLANG_ENABLE_MODULES = YES;
				CLANG_ENABLE_OBJC_ARC = YES;
				CLANG_WARN_BLOCK_CAPTURE_AUTORELEASING = YES;
				CLANG_WARN_BOOL_CONVERSION = YES;
				CLANG_WARN_COMMA = YES;
				CLANG_WARN_CONSTANT_CONVERSION = YES;
				CLANG_WARN_DIRECT_OBJC_ISA_USAGE = YES_ERROR;
				CLANG_WARN_DOCUMENTATION_COMMENTS = YES;
				CLANG_WARN_EMPTY_BODY = YES;
				CLANG_WARN_ENUM_CONVERSION = YES;
				CLANG_WARN_INFINITE_RECURSION = YES;
				CLANG_WARN_INT_CONVERSION = YES;
				CLANG_WARN_NON_LITERAL_NULL_CONVERSION = YES;
				CLANG_WARN_OBJC_LITERAL_CONVERSION = YES;
				CLANG_WARN_OBJC_ROOT_CLASS = YES_ERROR;
				CLANG_WARN_RANGE_LOOP_ANALYSIS = YES;
				CLANG_WARN_STRICT_PROTOTYPES = YES;
				CLANG_WARN_SUSPICIOUS_MOVE = YES;
				CLANG_WARN_UNGUARDED_AVAILABILITY = YES_AGGRESSIVE;
				CLANG_WARN_UNREACHABLE_CODE = YES;
				CLANG_WARN__DUPLICATE_METHOD_MATCH = YES;
				CODE_SIGN_IDENTITY = "iPhone Developer";
				COPY_PHASE_STRIP = NO;
				DEBUG_INFORMATION_FORMAT = "dwarf-with-dsym";
				ENABLE_NS_ASSERTIONS = NO;
				ENABLE_STRICT_OBJC_MSGSEND = YES;
				GCC_C_LANGUAGE_STANDARD = gnu11;
				GCC_NO_COMMON_BLOCKS = YES;
				GCC_WARN_64_TO_32_BIT_CONVERSION = YES;
				GCC_WARN_ABOUT_RETURN_TYPE = YES_ERROR;
				GCC_WARN_UNDECLARED_SELECTOR = YES;
				GCC_WARN_UNINITIALIZED_AUTOS = YES_AGGRESSIVE;
				GCC_WARN_UNUSED_FUNCTION = YES;
				GCC_WARN_UNUSED_VARIABLE = YES;
				IPHONEOS_DEPLOYMENT_TARGET = 11.0;
				MTL_ENABLE_DEBUG_INFO = NO;
				SDKROOT = iphoneos;
				SWIFT_OPTIMIZATION_LEVEL = "-Owholemodule";
				VALIDATE_PRODUCT = YES;
			};
			name = Release;
		};
		A5A55E0F1FB1794F00BE43AD /* Debug */ = {
			isa = XCBuildConfiguration;
			buildSettings = {
				ASSETCATALOG_COMPILER_APPICON_NAME = AppIcon;
				CODE_SIGN_STYLE = Automatic;
				DEVELOPMENT_TEAM = ZK6T58X3RC;
				INFOPLIST_FILE = SwippableCollectionViewSample/Info.plist;
				LD_RUNPATH_SEARCH_PATHS = "$(inherited) @executable_path/Frameworks";
				PRODUCT_BUNDLE_IDENTIFIER = com.yodevelopers.SwippableCollectionViewSample;
				PRODUCT_NAME = "$(TARGET_NAME)";
				SWIFT_VERSION = 4.0;
				TARGETED_DEVICE_FAMILY = "1,2";
			};
			name = Debug;
		};
		A5A55E101FB1794F00BE43AD /* Release */ = {
			isa = XCBuildConfiguration;
			buildSettings = {
				ASSETCATALOG_COMPILER_APPICON_NAME = AppIcon;
				CODE_SIGN_STYLE = Automatic;
				DEVELOPMENT_TEAM = ZK6T58X3RC;
				INFOPLIST_FILE = SwippableCollectionViewSample/Info.plist;
				LD_RUNPATH_SEARCH_PATHS = "$(inherited) @executable_path/Frameworks";
				PRODUCT_BUNDLE_IDENTIFIER = com.yodevelopers.SwippableCollectionViewSample;
				PRODUCT_NAME = "$(TARGET_NAME)";
				SWIFT_VERSION = 4.0;
				TARGETED_DEVICE_FAMILY = "1,2";
			};
			name = Release;
		};
		A5A55E121FB1794F00BE43AD /* Debug */ = {
			isa = XCBuildConfiguration;
			buildSettings = {
				ALWAYS_EMBED_SWIFT_STANDARD_LIBRARIES = YES;
				BUNDLE_LOADER = "$(TEST_HOST)";
				CODE_SIGN_STYLE = Automatic;
				DEVELOPMENT_TEAM = ZK6T58X3RC;
				INFOPLIST_FILE = SwippableCollectionViewSampleTests/Info.plist;
				LD_RUNPATH_SEARCH_PATHS = "$(inherited) @executable_path/Frameworks @loader_path/Frameworks";
				PRODUCT_BUNDLE_IDENTIFIER = com.yodevelopers.SwippableCollectionViewSampleTests;
				PRODUCT_NAME = "$(TARGET_NAME)";
				SWIFT_VERSION = 4.0;
				TARGETED_DEVICE_FAMILY = "1,2";
				TEST_HOST = "$(BUILT_PRODUCTS_DIR)/SwippableCollectionViewSample.app/SwippableCollectionViewSample";
			};
			name = Debug;
		};
		A5A55E131FB1794F00BE43AD /* Release */ = {
			isa = XCBuildConfiguration;
			buildSettings = {
				ALWAYS_EMBED_SWIFT_STANDARD_LIBRARIES = YES;
				BUNDLE_LOADER = "$(TEST_HOST)";
				CODE_SIGN_STYLE = Automatic;
				DEVELOPMENT_TEAM = ZK6T58X3RC;
				INFOPLIST_FILE = SwippableCollectionViewSampleTests/Info.plist;
				LD_RUNPATH_SEARCH_PATHS = "$(inherited) @executable_path/Frameworks @loader_path/Frameworks";
				PRODUCT_BUNDLE_IDENTIFIER = com.yodevelopers.SwippableCollectionViewSampleTests;
				PRODUCT_NAME = "$(TARGET_NAME)";
				SWIFT_VERSION = 4.0;
				TARGETED_DEVICE_FAMILY = "1,2";
				TEST_HOST = "$(BUILT_PRODUCTS_DIR)/SwippableCollectionViewSample.app/SwippableCollectionViewSample";
			};
			name = Release;
		};
		A5A55E151FB1794F00BE43AD /* Debug */ = {
			isa = XCBuildConfiguration;
			buildSettings = {
				ALWAYS_EMBED_SWIFT_STANDARD_LIBRARIES = YES;
				CODE_SIGN_STYLE = Automatic;
				DEVELOPMENT_TEAM = ZK6T58X3RC;
				INFOPLIST_FILE = SwippableCollectionViewSampleUITests/Info.plist;
				LD_RUNPATH_SEARCH_PATHS = "$(inherited) @executable_path/Frameworks @loader_path/Frameworks";
				PRODUCT_BUNDLE_IDENTIFIER = com.yodevelopers.SwippableCollectionViewSampleUITests;
				PRODUCT_NAME = "$(TARGET_NAME)";
				SWIFT_VERSION = 4.0;
				TARGETED_DEVICE_FAMILY = "1,2";
				TEST_TARGET_NAME = SwippableCollectionViewSample;
			};
			name = Debug;
		};
		A5A55E161FB1794F00BE43AD /* Release */ = {
			isa = XCBuildConfiguration;
			buildSettings = {
				ALWAYS_EMBED_SWIFT_STANDARD_LIBRARIES = YES;
				CODE_SIGN_STYLE = Automatic;
				DEVELOPMENT_TEAM = ZK6T58X3RC;
				INFOPLIST_FILE = SwippableCollectionViewSampleUITests/Info.plist;
				LD_RUNPATH_SEARCH_PATHS = "$(inherited) @executable_path/Frameworks @loader_path/Frameworks";
				PRODUCT_BUNDLE_IDENTIFIER = com.yodevelopers.SwippableCollectionViewSampleUITests;
				PRODUCT_NAME = "$(TARGET_NAME)";
				SWIFT_VERSION = 4.0;
				TARGETED_DEVICE_FAMILY = "1,2";
				TEST_TARGET_NAME = SwippableCollectionViewSample;
			};
			name = Release;
		};
/* End XCBuildConfiguration section */

/* Begin XCConfigurationList section */
		A5A55DE11FB1794E00BE43AD /* Build configuration list for PBXProject "SwippableCollectionViewSample" */ = {
			isa = XCConfigurationList;
			buildConfigurations = (
				A5A55E0C1FB1794F00BE43AD /* Debug */,
				A5A55E0D1FB1794F00BE43AD /* Release */,
			);
			defaultConfigurationIsVisible = 0;
			defaultConfigurationName = Release;
		};
		A5A55E0E1FB1794F00BE43AD /* Build configuration list for PBXNativeTarget "SwippableCollectionViewSample" */ = {
			isa = XCConfigurationList;
			buildConfigurations = (
				A5A55E0F1FB1794F00BE43AD /* Debug */,
				A5A55E101FB1794F00BE43AD /* Release */,
			);
			defaultConfigurationIsVisible = 0;
			defaultConfigurationName = Release;
		};
		A5A55E111FB1794F00BE43AD /* Build configuration list for PBXNativeTarget "SwippableCollectionViewSampleTests" */ = {
			isa = XCConfigurationList;
			buildConfigurations = (
				A5A55E121FB1794F00BE43AD /* Debug */,
				A5A55E131FB1794F00BE43AD /* Release */,
			);
			defaultConfigurationIsVisible = 0;
			defaultConfigurationName = Release;
		};
		A5A55E141FB1794F00BE43AD /* Build configuration list for PBXNativeTarget "SwippableCollectionViewSampleUITests" */ = {
			isa = XCConfigurationList;
			buildConfigurations = (
				A5A55E151FB1794F00BE43AD /* Debug */,
				A5A55E161FB1794F00BE43AD /* Release */,
			);
			defaultConfigurationIsVisible = 0;
			defaultConfigurationName = Release;
		};
/* End XCConfigurationList section */
	};
	rootObject = A5A55DDE1FB1794E00BE43AD /* Project object */;
}
